
Microsoft Visual Studio Solution File, Format Version 12.00
# Visual Studio Version 17
VisualStudioVersion = 17.14.36705.20 d17.14
MinimumVisualStudioVersion = 10.0.40219.1
Project("{FAE04EC0-301F-11D3-BF4B-00C04F79EFBC}") = "OffCalM", "OffCalM\OffCalM.csproj", "{BF620FC9-6285-4C0A-B1D7-8EC432F1A662}"
EndProject
Global
	GlobalSection(SolutionConfigurationPlatforms) = preSolution
		Debug|Any CPU = Debug|Any CPU
		Release|Any CPU = Release|Any CPU
	EndGlobalSection
	GlobalSection(ProjectConfigurationPlatforms) = postSolution
		{BF620FC9-6285-4C0A-B1D7-8EC432F1A662}.Debug|Any CPU.ActiveCfg = Debug|Any CPU
		{BF620FC9-6285-4C0A-B1D7-8EC432F1A662}.Debug|Any CPU.Build.0 = Debug|Any CPU
		{BF620FC9-6285-4C0A-B1D7-8EC432F1A662}.Release|Any CPU.ActiveCfg = Release|Any CPU
		{BF620FC9-6285-4C0A-B1D7-8EC432F1A662}.Release|Any CPU.Build.0 = Release|Any CPU
	EndGlobalSection
	GlobalSection(SolutionProperties) = preSolution
		HideSolutionNode = FALSE
	EndGlobalSection
	GlobalSection(ExtensibilityGlobals) = postSolution
		SolutionGuid = {337CB856-5A66-47BF-B796-25F6934E64A1}
	EndGlobalSection
EndGlobal
